
Microsoft Visual Studio Solution File, Format Version 12.00
# Visual Studio 15
VisualStudioVersion = 15.0.25807.0
MinimumVisualStudioVersion = 10.0.40219.1
Project("{2150E333-8FDC-42A3-9474-1A3956D46DE8}") = "Engine", "Engine", "{608DE48B-6F3D-4C3D-B19D-84E506B30363}"
EndProject
Project("{2150E333-8FDC-42A3-9474-1A3956D46DE8}") = "Games", "Games", "{814F3305-44C1-4247-83D3-A1405B52F978}"
EndProject
Project("{8BC9CEB8-8B4A-11D0-8D11-00A0C91BC942}") = "UE4", "Intermediate\ProjectFiles\UE4.vcxproj", "{0BBF4903-0734-4E41-ABB5-E4750E547770}"
EndProject
Project("{8BC9CEB8-8B4A-11D0-8D11-00A0C91BC942}") = "Lightshow", "Intermediate\ProjectFiles\Lightshow.vcxproj", "{7A411F25-7367-486E-9F2E-D2C87352DDB3}"
EndProject
Project("{2150E333-8FDC-42A3-9474-1A3956D46DE8}") = "Visualizers", "Visualizers", "{961179F8-F90D-4E28-97F5-F14C3347CC2F}"
	ProjectSection(SolutionItems) = preProject
		..\..\..\..\..\Program Files\Epic Games\UE_4.23\Engine\Extras\VisualStudioDebugging\UE4.natvis = ..\..\..\..\..\Program Files\Epic Games\UE_4.23\Engine\Extras\VisualStudioDebugging\UE4.natvis
	EndProjectSection
EndProject
Global
	GlobalSection(SolutionConfigurationPlatforms) = preSolution
		DebugGame Editor|HTML5 = DebugGame Editor|HTML5
		DebugGame Editor|Win32 = DebugGame Editor|Win32
		DebugGame Editor|Win64 = DebugGame Editor|Win64
		DebugGame|HTML5 = DebugGame|HTML5
		DebugGame|Win32 = DebugGame|Win32
		DebugGame|Win64 = DebugGame|Win64
		Development Editor|HTML5 = Development Editor|HTML5
		Development Editor|Win32 = Development Editor|Win32
		Development Editor|Win64 = Development Editor|Win64
		Development|HTML5 = Development|HTML5
		Development|Win32 = Development|Win32
		Development|Win64 = Development|Win64
		Shipping|HTML5 = Shipping|HTML5
		Shipping|Win32 = Shipping|Win32
		Shipping|Win64 = Shipping|Win64
	EndGlobalSection
	GlobalSection(ProjectConfigurationPlatforms) = postSolution
		{0BBF4903-0734-4E41-ABB5-E4750E547770}.DebugGame Editor|HTML5.ActiveCfg = BuiltWithUnrealBuildTool|Win32
		{0BBF4903-0734-4E41-ABB5-E4750E547770}.DebugGame Editor|Win32.ActiveCfg = BuiltWithUnrealBuildTool|Win32
		{0BBF4903-0734-4E41-ABB5-E4750E547770}.DebugGame Editor|Win64.ActiveCfg = BuiltWithUnrealBuildTool|Win32
		{0BBF4903-0734-4E41-ABB5-E4750E547770}.DebugGame|HTML5.ActiveCfg = BuiltWithUnrealBuildTool|Win32
		{0BBF4903-0734-4E41-ABB5-E4750E547770}.DebugGame|Win32.ActiveCfg = BuiltWithUnrealBuildTool|Win32
		{0BBF4903-0734-4E41-ABB5-E4750E547770}.DebugGame|Win64.ActiveCfg = BuiltWithUnrealBuildTool|Win32
		{0BBF4903-0734-4E41-ABB5-E4750E547770}.Development Editor|HTML5.ActiveCfg = BuiltWithUnrealBuildTool|Win32
		{0BBF4903-0734-4E41-ABB5-E4750E547770}.Development Editor|Win32.ActiveCfg = BuiltWithUnrealBuildTool|Win32
		{0BBF4903-0734-4E41-ABB5-E4750E547770}.Development Editor|Win64.ActiveCfg = BuiltWithUnrealBuildTool|Win32
		{0BBF4903-0734-4E41-ABB5-E4750E547770}.Development|HTML5.ActiveCfg = BuiltWithUnrealBuildTool|Win32
		{0BBF4903-0734-4E41-ABB5-E4750E547770}.Development|Win32.ActiveCfg = BuiltWithUnrealBuildTool|Win32
		{0BBF4903-0734-4E41-ABB5-E4750E547770}.Development|Win64.ActiveCfg = BuiltWithUnrealBuildTool|Win32
		{0BBF4903-0734-4E41-ABB5-E4750E547770}.Shipping|HTML5.ActiveCfg = BuiltWithUnrealBuildTool|Win32
		{0BBF4903-0734-4E41-ABB5-E4750E547770}.Shipping|Win32.ActiveCfg = BuiltWithUnrealBuildTool|Win32
		{0BBF4903-0734-4E41-ABB5-E4750E547770}.Shipping|Win64.ActiveCfg = BuiltWithUnrealBuildTool|Win32
		{7A411F25-7367-486E-9F2E-D2C87352DDB3}.DebugGame Editor|HTML5.ActiveCfg = Invalid|Win32
		{7A411F25-7367-486E-9F2E-D2C87352DDB3}.DebugGame Editor|Win32.ActiveCfg = Invalid|Win32
		{7A411F25-7367-486E-9F2E-D2C87352DDB3}.DebugGame Editor|Win64.ActiveCfg = DebugGame_Editor|x64
		{7A411F25-7367-486E-9F2E-D2C87352DDB3}.DebugGame Editor|Win64.Build.0 = DebugGame_Editor|x64
		{7A411F25-7367-486E-9F2E-D2C87352DDB3}.DebugGame|HTML5.ActiveCfg = HTML5_DebugGame|Win32
		{7A411F25-7367-486E-9F2E-D2C87352DDB3}.DebugGame|HTML5.Build.0 = HTML5_DebugGame|Win32
		{7A411F25-7367-486E-9F2E-D2C87352DDB3}.DebugGame|Win32.ActiveCfg = DebugGame|Win32
		{7A411F25-7367-486E-9F2E-D2C87352DDB3}.DebugGame|Win32.Build.0 = DebugGame|Win32
		{7A411F25-7367-486E-9F2E-D2C87352DDB3}.DebugGame|Win64.ActiveCfg = DebugGame|x64
		{7A411F25-7367-486E-9F2E-D2C87352DDB3}.DebugGame|Win64.Build.0 = DebugGame|x64
		{7A411F25-7367-486E-9F2E-D2C87352DDB3}.Development Editor|HTML5.ActiveCfg = Invalid|Win32
		{7A411F25-7367-486E-9F2E-D2C87352DDB3}.Development Editor|Win32.ActiveCfg = Invalid|Win32
		{7A411F25-7367-486E-9F2E-D2C87352DDB3}.Development Editor|Win64.ActiveCfg = Development_Editor|x64
		{7A411F25-7367-486E-9F2E-D2C87352DDB3}.Development Editor|Win64.Build.0 = Development_Editor|x64
		{7A411F25-7367-486E-9F2E-D2C87352DDB3}.Development|HTML5.ActiveCfg = HTML5_Development|Win32
		{7A411F25-7367-486E-9F2E-D2C87352DDB3}.Development|HTML5.Build.0 = HTML5_Development|Win32
		{7A411F25-7367-486E-9F2E-D2C87352DDB3}.Development|Win32.ActiveCfg = Development|Win32
		{7A411F25-7367-486E-9F2E-D2C87352DDB3}.Development|Win32.Build.0 = Development|Win32
		{7A411F25-7367-486E-9F2E-D2C87352DDB3}.Development|Win64.ActiveCfg = Development|x64
		{7A411F25-7367-486E-9F2E-D2C87352DDB3}.Development|Win64.Build.0 = Development|x64
		{7A411F25-7367-486E-9F2E-D2C87352DDB3}.Shipping|HTML5.ActiveCfg = HTML5_Shipping|Win32
		{7A411F25-7367-486E-9F2E-D2C87352DDB3}.Shipping|HTML5.Build.0 = HTML5_Shipping|Win32
		{7A411F25-7367-486E-9F2E-D2C87352DDB3}.Shipping|Win32.ActiveCfg = Shipping|Win32
		{7A411F25-7367-486E-9F2E-D2C87352DDB3}.Shipping|Win32.Build.0 = Shipping|Win32
		{7A411F25-7367-486E-9F2E-D2C87352DDB3}.Shipping|Win64.ActiveCfg = Shipping|x64
		{7A411F25-7367-486E-9F2E-D2C87352DDB3}.Shipping|Win64.Build.0 = Shipping|x64
	EndGlobalSection
	GlobalSection(SolutionProperties) = preSolution
		HideSolutionNode = FALSE
	EndGlobalSection
	GlobalSection(NestedProjects) = preSolution
		{0BBF4903-0734-4E41-ABB5-E4750E547770} = {608DE48B-6F3D-4C3D-B19D-84E506B30363}
		{7A411F25-7367-486E-9F2E-D2C87352DDB3} = {814F3305-44C1-4247-83D3-A1405B52F978}
	EndGlobalSection
EndGlobal
